
Microsoft Visual Studio Solution File, Format Version 12.00
# Visual Studio Version 17
VisualStudioVersion = 17.8.34525.116
MinimumVisualStudioVersion = 10.0.40219.1
Project("{FAE04EC0-301F-11D3-BF4B-00C04F79EFBC}") = "Unichess", "Unichess\Unichess.csproj", "{5DC402FF-58B7-414B-ACD8-16A6DEA4ADFF}"
EndProject
Global
	GlobalSection(SolutionConfigurationPlatforms) = preSolution
		Debug|Any CPU = Debug|Any CPU
		Release|Any CPU = Release|Any CPU
	EndGlobalSection
	GlobalSection(ProjectConfigurationPlatforms) = postSolution
		{5DC402FF-58B7-414B-ACD8-16A6DEA4ADFF}.Debug|Any CPU.ActiveCfg = Debug|Any CPU
		{5DC402FF-58B7-414B-ACD8-16A6DEA4ADFF}.Debug|Any CPU.Build.0 = Debug|Any CPU
		{5DC402FF-58B7-414B-ACD8-16A6DEA4ADFF}.Release|Any CPU.ActiveCfg = Release|Any CPU
		{5DC402FF-58B7-414B-ACD8-16A6DEA4ADFF}.Release|Any CPU.Build.0 = Release|Any CPU
	EndGlobalSection
	GlobalSection(SolutionProperties) = preSolution
		HideSolutionNode = FALSE
	EndGlobalSection
	GlobalSection(ExtensibilityGlobals) = postSolution
		SolutionGuid = {B58D0C08-318A-4701-819B-12B07D5DCE45}
	EndGlobalSection
EndGlobal
